
Microsoft Visual Studio Solution File, Format Version 12.00
# Visual Studio Version 17
VisualStudioVersion = 17.9.34902.65
MinimumVisualStudioVersion = 10.0.40219.1
Project("{FAE04EC0-301F-11D3-BF4B-00C04F79EFBC}") = "The Expenses", "The Expenses\The Expenses.csproj", "{21DD0BA7-35A9-4E15-A093-6ECD75CFC17F}"
EndProject
Global
	GlobalSection(SolutionConfigurationPlatforms) = preSolution
		Debug|Any CPU = Debug|Any CPU
		Release|Any CPU = Release|Any CPU
	EndGlobalSection
	GlobalSection(ProjectConfigurationPlatforms) = postSolution
		{21DD0BA7-35A9-4E15-A093-6ECD75CFC17F}.Debug|Any CPU.ActiveCfg = Debug|Any CPU
		{21DD0BA7-35A9-4E15-A093-6ECD75CFC17F}.Debug|Any CPU.Build.0 = Debug|Any CPU
		{21DD0BA7-35A9-4E15-A093-6ECD75CFC17F}.Release|Any CPU.ActiveCfg = Release|Any CPU
		{21DD0BA7-35A9-4E15-A093-6ECD75CFC17F}.Release|Any CPU.Build.0 = Release|Any CPU
	EndGlobalSection
	GlobalSection(SolutionProperties) = preSolution
		HideSolutionNode = FALSE
	EndGlobalSection
	GlobalSection(ExtensibilityGlobals) = postSolution
		SolutionGuid = {0EAAA822-54CE-400F-AA52-B13E71B22428}
	EndGlobalSection
EndGlobal
